
Microsoft Visual Studio Solution File, Format Version 10.00
# Visual Studio 2008
Project("{D183A3D8-5FD8-494B-B014-37F57B35E655}") = "Edge SSIS", "Edge SSIS.dtproj", "{93A3561A-AA07-464B-BBEB-252B5489497A}"
EndProject
Global
	GlobalSection(SolutionConfigurationPlatforms) = preSolution
		Development|Default = Development|Default
	EndGlobalSection
	GlobalSection(ProjectConfigurationPlatforms) = postSolution
		{93A3561A-AA07-464B-BBEB-252B5489497A}.Development|Default.ActiveCfg = Development
		{93A3561A-AA07-464B-BBEB-252B5489497A}.Development|Default.Build.0 = Development
	EndGlobalSection
	GlobalSection(SolutionProperties) = preSolution
		HideSolutionNode = FALSE
	EndGlobalSection
EndGlobal
